// !$*UTF8*$!
{
	archiveVersion = 1;
	classes = {
	};
	objectVersion = 48;
	objects = {

/* Begin PBXBuildFile section */
		0489CB561FB5FC2D00C95D54 /* AppDelegate.swift in Sources */ = {isa = PBXBuildFile; fileRef = 0489CB551FB5FC2D00C95D54 /* AppDelegate.swift */; };
		0489CB581FB5FC2D00C95D54 /* RootViewController.swift in Sources */ = {isa = PBXBuildFile; fileRef = 0489CB571FB5FC2D00C95D54 /* RootViewController.swift */; };
		0489CB5B1FB5FC2D00C95D54 /* Main.storyboard in Resources */ = {isa = PBXBuildFile; fileRef = 0489CB591FB5FC2D00C95D54 /* Main.storyboard */; };
		0489CB5D1FB5FC2D00C95D54 /* Assets.xcassets in Resources */ = {isa = PBXBuildFile; fileRef = 0489CB5C1FB5FC2D00C95D54 /* Assets.xcassets */; };
		0489CB601FB5FC2D00C95D54 /* LaunchScreen.storyboard in Resources */ = {isa = PBXBuildFile; fileRef = 0489CB5E1FB5FC2D00C95D54 /* LaunchScreen.storyboard */; };
		0489CB6B1FB5FC2E00C95D54 /* StarWarsApp2_0Tests.swift in Sources */ = {isa = PBXBuildFile; fileRef = 0489CB6A1FB5FC2E00C95D54 /* StarWarsApp2_0Tests.swift */; };
		0489CB761FB5FC2E00C95D54 /* StarWarsApp2_0UITests.swift in Sources */ = {isa = PBXBuildFile; fileRef = 0489CB751FB5FC2E00C95D54 /* StarWarsApp2_0UITests.swift */; };
		04E72C8C1FB6063D001EDE52 /* ObjectListViewController.swift in Sources */ = {isa = PBXBuildFile; fileRef = 04E72C8B1FB6063D001EDE52 /* ObjectListViewController.swift */; };
		04E72C8E1FB6064C001EDE52 /* ObjectViewController.swift in Sources */ = {isa = PBXBuildFile; fileRef = 04E72C8D1FB6064C001EDE52 /* ObjectViewController.swift */; };
		04E72C901FB60674001EDE52 /* Networking.swift in Sources */ = {isa = PBXBuildFile; fileRef = 04E72C8F1FB60674001EDE52 /* Networking.swift */; };
		04E72C921FB606A8001EDE52 /* Extensions.swift in Sources */ = {isa = PBXBuildFile; fileRef = 04E72C911FB606A8001EDE52 /* Extensions.swift */; };
		04E72C941FB606C5001EDE52 /* Film.swift in Sources */ = {isa = PBXBuildFile; fileRef = 04E72C931FB606C5001EDE52 /* Film.swift */; };
		04E72C961FB606D0001EDE52 /* Character.swift in Sources */ = {isa = PBXBuildFile; fileRef = 04E72C951FB606D0001EDE52 /* Character.swift */; };
		04E72C981FB606DE001EDE52 /* Planet.swift in Sources */ = {isa = PBXBuildFile; fileRef = 04E72C971FB606DE001EDE52 /* Planet.swift */; };
		04E72C9A1FB606F0001EDE52 /* Species.swift in Sources */ = {isa = PBXBuildFile; fileRef = 04E72C991FB606F0001EDE52 /* Species.swift */; };
		04E72C9C1FB60700001EDE52 /* Starship.swift in Sources */ = {isa = PBXBuildFile; fileRef = 04E72C9B1FB60700001EDE52 /* Starship.swift */; };
		04E72C9E1FB6070B001EDE52 /* Vehicle.swift in Sources */ = {isa = PBXBuildFile; fileRef = 04E72C9D1FB6070B001EDE52 /* Vehicle.swift */; };
		04E72CA01FB6071B001EDE52 /* Root.swift in Sources */ = {isa = PBXBuildFile; fileRef = 04E72C9F1FB6071B001EDE52 /* Root.swift */; };
		04E72CA21FB60C2E001EDE52 /* Enumerations.swift in Sources */ = {isa = PBXBuildFile; fileRef = 04E72CA11FB60C2E001EDE52 /* Enumerations.swift */; };
		04E72CA81FB77290001EDE52 /* CollectionCell.swift in Sources */ = {isa = PBXBuildFile; fileRef = 04E72CA71FB77290001EDE52 /* CollectionCell.swift */; };
		04E72CAA1FB772B1001EDE52 /* SectionHeaderView.swift in Sources */ = {isa = PBXBuildFile; fileRef = 04E72CA91FB772B1001EDE52 /* SectionHeaderView.swift */; };
		04E72CAC1FB81578001EDE52 /* RootCell.swift in Sources */ = {isa = PBXBuildFile; fileRef = 04E72CAB1FB81578001EDE52 /* RootCell.swift */; };
		04E72CAE1FB8158B001EDE52 /* ObjectListCell.swift in Sources */ = {isa = PBXBuildFile; fileRef = 04E72CAD1FB8158B001EDE52 /* ObjectListCell.swift */; };
		04E72CB01FB82892001EDE52 /* GlobalCache.swift in Sources */ = {isa = PBXBuildFile; fileRef = 04E72CAF1FB82892001EDE52 /* GlobalCache.swift */; };
/* End PBXBuildFile section */

/* Begin PBXContainerItemProxy section */
		0489CB671FB5FC2E00C95D54 /* PBXContainerItemProxy */ = {
			isa = PBXContainerItemProxy;
			containerPortal = 0489CB4A1FB5FC2D00C95D54 /* Project object */;
			proxyType = 1;
			remoteGlobalIDString = 0489CB511FB5FC2D00C95D54;
			remoteInfo = StarWarsApp2.0;
		};
		0489CB721FB5FC2E00C95D54 /* PBXContainerItemProxy */ = {
			isa = PBXContainerItemProxy;
			containerPortal = 0489CB4A1FB5FC2D00C95D54 /* Project object */;
			proxyType = 1;
			remoteGlobalIDString = 0489CB511FB5FC2D00C95D54;
			remoteInfo = StarWarsApp2.0;
		};
/* End PBXContainerItemProxy section */

/* Begin PBXFileReference section */
		0489CB521FB5FC2D00C95D54 /* StarWarsApp2.0.app */ = {isa = PBXFileReference; explicitFileType = wrapper.application; includeInIndex = 0; path = StarWarsApp2.0.app; sourceTree = BUILT_PRODUCTS_DIR; };
		0489CB551FB5FC2D00C95D54 /* AppDelegate.swift */ = {isa = PBXFileReference; lastKnownFileType = sourcecode.swift; path = AppDelegate.swift; sourceTree = "<group>"; };
		0489CB571FB5FC2D00C95D54 /* RootViewController.swift */ = {isa = PBXFileReference; lastKnownFileType = sourcecode.swift; path = RootViewController.swift; sourceTree = "<group>"; };
		0489CB5A1FB5FC2D00C95D54 /* Base */ = {isa = PBXFileReference; lastKnownFileType = file.storyboard; name = Base; path = Base.lproj/Main.storyboard; sourceTree = "<group>"; };
		0489CB5C1FB5FC2D00C95D54 /* Assets.xcassets */ = {isa = PBXFileReference; lastKnownFileType = folder.assetcatalog; path = Assets.xcassets; sourceTree = "<group>"; };
		0489CB5F1FB5FC2D00C95D54 /* Base */ = {isa = PBXFileReference; lastKnownFileType = file.storyboard; name = Base; path = Base.lproj/LaunchScreen.storyboard; sourceTree = "<group>"; };
		0489CB611FB5FC2D00C95D54 /* Info.plist */ = {isa = PBXFileReference; lastKnownFileType = text.plist.xml; path = Info.plist; sourceTree = "<group>"; };
		0489CB661FB5FC2E00C95D54 /* StarWarsApp2.0Tests.xctest */ = {isa = PBXFileReference; explicitFileType = wrapper.cfbundle; includeInIndex = 0; path = StarWarsApp2.0Tests.xctest; sourceTree = BUILT_PRODUCTS_DIR; };
		0489CB6A1FB5FC2E00C95D54 /* StarWarsApp2_0Tests.swift */ = {isa = PBXFileReference; lastKnownFileType = sourcecode.swift; path = StarWarsApp2_0Tests.swift; sourceTree = "<group>"; };
		0489CB6C1FB5FC2E00C95D54 /* Info.plist */ = {isa = PBXFileReference; lastKnownFileType = text.plist.xml; path = Info.plist; sourceTree = "<group>"; };
		0489CB711FB5FC2E00C95D54 /* StarWarsApp2.0UITests.xctest */ = {isa = PBXFileReference; explicitFileType = wrapper.cfbundle; includeInIndex = 0; path = StarWarsApp2.0UITests.xctest; sourceTree = BUILT_PRODUCTS_DIR; };
		0489CB751FB5FC2E00C95D54 /* StarWarsApp2_0UITests.swift */ = {isa = PBXFileReference; lastKnownFileType = sourcecode.swift; path = StarWarsApp2_0UITests.swift; sourceTree = "<group>"; };
		0489CB771FB5FC2E00C95D54 /* Info.plist */ = {isa = PBXFileReference; lastKnownFileType = text.plist.xml; path = Info.plist; sourceTree = "<group>"; };
		04E72C8B1FB6063D001EDE52 /* ObjectListViewController.swift */ = {isa = PBXFileReference; lastKnownFileType = sourcecode.swift; path = ObjectListViewController.swift; sourceTree = "<group>"; };
		04E72C8D1FB6064C001EDE52 /* ObjectViewController.swift */ = {isa = PBXFileReference; lastKnownFileType = sourcecode.swift; path = ObjectViewController.swift; sourceTree = "<group>"; };
		04E72C8F1FB60674001EDE52 /* Networking.swift */ = {isa = PBXFileReference; lastKnownFileType = sourcecode.swift; path = Networking.swift; sourceTree = "<group>"; };
		04E72C911FB606A8001EDE52 /* Extensions.swift */ = {isa = PBXFileReference; lastKnownFileType = sourcecode.swift; path = Extensions.swift; sourceTree = "<group>"; };
		04E72C931FB606C5001EDE52 /* Film.swift */ = {isa = PBXFileReference; lastKnownFileType = sourcecode.swift; path = Film.swift; sourceTree = "<group>"; };
		04E72C951FB606D0001EDE52 /* Character.swift */ = {isa = PBXFileReference; lastKnownFileType = sourcecode.swift; path = Character.swift; sourceTree = "<group>"; };
		04E72C971FB606DE001EDE52 /* Planet.swift */ = {isa = PBXFileReference; lastKnownFileType = sourcecode.swift; path = Planet.swift; sourceTree = "<group>"; };
		04E72C991FB606F0001EDE52 /* Species.swift */ = {isa = PBXFileReference; lastKnownFileType = sourcecode.swift; path = Species.swift; sourceTree = "<group>"; };
		04E72C9B1FB60700001EDE52 /* Starship.swift */ = {isa = PBXFileReference; lastKnownFileType = sourcecode.swift; path = Starship.swift; sourceTree = "<group>"; };
		04E72C9D1FB6070B001EDE52 /* Vehicle.swift */ = {isa = PBXFileReference; lastKnownFileType = sourcecode.swift; path = Vehicle.swift; sourceTree = "<group>"; };
		04E72C9F1FB6071B001EDE52 /* Root.swift */ = {isa = PBXFileReference; lastKnownFileType = sourcecode.swift; path = Root.swift; sourceTree = "<group>"; };
		04E72CA11FB60C2E001EDE52 /* Enumerations.swift */ = {isa = PBXFileReference; lastKnownFileType = sourcecode.swift; path = Enumerations.swift; sourceTree = "<group>"; };
		04E72CA71FB77290001EDE52 /* CollectionCell.swift */ = {isa = PBXFileReference; lastKnownFileType = sourcecode.swift; path = CollectionCell.swift; sourceTree = "<group>"; };
		04E72CA91FB772B1001EDE52 /* SectionHeaderView.swift */ = {isa = PBXFileReference; lastKnownFileType = sourcecode.swift; path = SectionHeaderView.swift; sourceTree = "<group>"; };
		04E72CAB1FB81578001EDE52 /* RootCell.swift */ = {isa = PBXFileReference; lastKnownFileType = sourcecode.swift; path = RootCell.swift; sourceTree = "<group>"; };
		04E72CAD1FB8158B001EDE52 /* ObjectListCell.swift */ = {isa = PBXFileReference; lastKnownFileType = sourcecode.swift; path = ObjectListCell.swift; sourceTree = "<group>"; };
		04E72CAF1FB82892001EDE52 /* GlobalCache.swift */ = {isa = PBXFileReference; lastKnownFileType = sourcecode.swift; path = GlobalCache.swift; sourceTree = "<group>"; };
/* End PBXFileReference section */

/* Begin PBXFrameworksBuildPhase section */
		0489CB4F1FB5FC2D00C95D54 /* Frameworks */ = {
			isa = PBXFrameworksBuildPhase;
			buildActionMask = 2147483647;
			files = (
			);
			runOnlyForDeploymentPostprocessing = 0;
		};
		0489CB631FB5FC2E00C95D54 /* Frameworks */ = {
			isa = PBXFrameworksBuildPhase;
			buildActionMask = 2147483647;
			files = (
			);
			runOnlyForDeploymentPostprocessing = 0;
		};
		0489CB6E1FB5FC2E00C95D54 /* Frameworks */ = {
			isa = PBXFrameworksBuildPhase;
			buildActionMask = 2147483647;
			files = (
			);
			runOnlyForDeploymentPostprocessing = 0;
		};
/* End PBXFrameworksBuildPhase section */

/* Begin PBXGroup section */
		0489CB491FB5FC2D00C95D54 = {
			isa = PBXGroup;
			children = (
				0489CB541FB5FC2D00C95D54 /* StarWarsApp2.0 */,
				0489CB691FB5FC2E00C95D54 /* StarWarsApp2.0Tests */,
				0489CB741FB5FC2E00C95D54 /* StarWarsApp2.0UITests */,
				0489CB531FB5FC2D00C95D54 /* Products */,
			);
			sourceTree = "<group>";
		};
		0489CB531FB5FC2D00C95D54 /* Products */ = {
			isa = PBXGroup;
			children = (
				0489CB521FB5FC2D00C95D54 /* StarWarsApp2.0.app */,
				0489CB661FB5FC2E00C95D54 /* StarWarsApp2.0Tests.xctest */,
				0489CB711FB5FC2E00C95D54 /* StarWarsApp2.0UITests.xctest */,
			);
			name = Products;
			sourceTree = "<group>";
		};
		0489CB541FB5FC2D00C95D54 /* StarWarsApp2.0 */ = {
			isa = PBXGroup;
			children = (
				0489CB871FB5FCF300C95D54 /* Extensions */,
				0489CB861FB5FCCD00C95D54 /* Services */,
				0489CB851FB5FCC200C95D54 /* ViewControllers */,
				0489CB841FB5FCBC00C95D54 /* Models */,
				0489CB831FB5FCAE00C95D54 /* Views */,
				0489CB551FB5FC2D00C95D54 /* AppDelegate.swift */,
				0489CB5C1FB5FC2D00C95D54 /* Assets.xcassets */,
				0489CB611FB5FC2D00C95D54 /* Info.plist */,
			);
			path = StarWarsApp2.0;
			sourceTree = "<group>";
		};
		0489CB691FB5FC2E00C95D54 /* StarWarsApp2.0Tests */ = {
			isa = PBXGroup;
			children = (
				0489CB6A1FB5FC2E00C95D54 /* StarWarsApp2_0Tests.swift */,
				0489CB6C1FB5FC2E00C95D54 /* Info.plist */,
			);
			path = StarWarsApp2.0Tests;
			sourceTree = "<group>";
		};
		0489CB741FB5FC2E00C95D54 /* StarWarsApp2.0UITests */ = {
			isa = PBXGroup;
			children = (
				0489CB751FB5FC2E00C95D54 /* StarWarsApp2_0UITests.swift */,
				0489CB771FB5FC2E00C95D54 /* Info.plist */,
			);
			path = StarWarsApp2.0UITests;
			sourceTree = "<group>";
		};
		0489CB831FB5FCAE00C95D54 /* Views */ = {
			isa = PBXGroup;
			children = (
				0489CB591FB5FC2D00C95D54 /* Main.storyboard */,
				0489CB5E1FB5FC2D00C95D54 /* LaunchScreen.storyboard */,
				04E72CA71FB77290001EDE52 /* CollectionCell.swift */,
				04E72CA91FB772B1001EDE52 /* SectionHeaderView.swift */,
				04E72CAB1FB81578001EDE52 /* RootCell.swift */,
				04E72CAD1FB8158B001EDE52 /* ObjectListCell.swift */,
			);
			path = Views;
			sourceTree = "<group>";
		};
		0489CB841FB5FCBC00C95D54 /* Models */ = {
			isa = PBXGroup;
			children = (
				04E72C931FB606C5001EDE52 /* Film.swift */,
				04E72C951FB606D0001EDE52 /* Character.swift */,
				04E72C971FB606DE001EDE52 /* Planet.swift */,
				04E72C991FB606F0001EDE52 /* Species.swift */,
				04E72C9B1FB60700001EDE52 /* Starship.swift */,
				04E72C9D1FB6070B001EDE52 /* Vehicle.swift */,
				04E72C9F1FB6071B001EDE52 /* Root.swift */,
				04E72CA11FB60C2E001EDE52 /* Enumerations.swift */,
			);
			path = Models;
			sourceTree = "<group>";
		};
		0489CB851FB5FCC200C95D54 /* ViewControllers */ = {
			isa = PBXGroup;
			children = (
				0489CB571FB5FC2D00C95D54 /* RootViewController.swift */,
				04E72C8B1FB6063D001EDE52 /* ObjectListViewController.swift */,
				04E72C8D1FB6064C001EDE52 /* ObjectViewController.swift */,
			);
			path = ViewControllers;
			sourceTree = "<group>";
		};
		0489CB861FB5FCCD00C95D54 /* Services */ = {
			isa = PBXGroup;
			children = (
				04E72C8F1FB60674001EDE52 /* Networking.swift */,
				04E72CAF1FB82892001EDE52 /* GlobalCache.swift */,
			);
			path = Services;
			sourceTree = "<group>";
		};
		0489CB871FB5FCF300C95D54 /* Extensions */ = {
			isa = PBXGroup;
			children = (
				04E72C911FB606A8001EDE52 /* Extensions.swift */,
			);
			path = Extensions;
			sourceTree = "<group>";
		};
/* End PBXGroup section */

/* Begin PBXNativeTarget section */
		0489CB511FB5FC2D00C95D54 /* StarWarsApp2.0 */ = {
			isa = PBXNativeTarget;
			buildConfigurationList = 0489CB7A1FB5FC2E00C95D54 /* Build configuration list for PBXNativeTarget "StarWarsApp2.0" */;
			buildPhases = (
				0489CB4E1FB5FC2D00C95D54 /* Sources */,
				0489CB4F1FB5FC2D00C95D54 /* Frameworks */,
				0489CB501FB5FC2D00C95D54 /* Resources */,
			);
			buildRules = (
			);
			dependencies = (
			);
			name = StarWarsApp2.0;
			productName = StarWarsApp2.0;
			productReference = 0489CB521FB5FC2D00C95D54 /* StarWarsApp2.0.app */;
			productType = "com.apple.product-type.application";
		};
		0489CB651FB5FC2E00C95D54 /* StarWarsApp2.0Tests */ = {
			isa = PBXNativeTarget;
			buildConfigurationList = 0489CB7D1FB5FC2E00C95D54 /* Build configuration list for PBXNativeTarget "StarWarsApp2.0Tests" */;
			buildPhases = (
				0489CB621FB5FC2E00C95D54 /* Sources */,
				0489CB631FB5FC2E00C95D54 /* Frameworks */,
				0489CB641FB5FC2E00C95D54 /* Resources */,
			);
			buildRules = (
			);
			dependencies = (
				0489CB681FB5FC2E00C95D54 /* PBXTargetDependency */,
			);
			name = StarWarsApp2.0Tests;
			productName = StarWarsApp2.0Tests;
			productReference = 0489CB661FB5FC2E00C95D54 /* StarWarsApp2.0Tests.xctest */;
			productType = "com.apple.product-type.bundle.unit-test";
		};
		0489CB701FB5FC2E00C95D54 /* StarWarsApp2.0UITests */ = {
			isa = PBXNativeTarget;
			buildConfigurationList = 0489CB801FB5FC2E00C95D54 /* Build configuration list for PBXNativeTarget "StarWarsApp2.0UITests" */;
			buildPhases = (
				0489CB6D1FB5FC2E00C95D54 /* Sources */,
				0489CB6E1FB5FC2E00C95D54 /* Frameworks */,
				0489CB6F1FB5FC2E00C95D54 /* Resources */,
			);
			buildRules = (
			);
			dependencies = (
				0489CB731FB5FC2E00C95D54 /* PBXTargetDependency */,
			);
			name = StarWarsApp2.0UITests;
			productName = StarWarsApp2.0UITests;
			productReference = 0489CB711FB5FC2E00C95D54 /* StarWarsApp2.0UITests.xctest */;
			productType = "com.apple.product-type.bundle.ui-testing";
		};
/* End PBXNativeTarget section */

/* Begin PBXProject section */
		0489CB4A1FB5FC2D00C95D54 /* Project object */ = {
			isa = PBXProject;
			attributes = {
				LastSwiftUpdateCheck = 0910;
				LastUpgradeCheck = 0910;
				ORGANIZATIONNAME = Mac;
				TargetAttributes = {
					0489CB511FB5FC2D00C95D54 = {
						CreatedOnToolsVersion = 9.1;
						ProvisioningStyle = Automatic;
					};
					0489CB651FB5FC2E00C95D54 = {
						CreatedOnToolsVersion = 9.1;
						ProvisioningStyle = Automatic;
						TestTargetID = 0489CB511FB5FC2D00C95D54;
					};
					0489CB701FB5FC2E00C95D54 = {
						CreatedOnToolsVersion = 9.1;
						ProvisioningStyle = Automatic;
						TestTargetID = 0489CB511FB5FC2D00C95D54;
					};
				};
			};
			buildConfigurationList = 0489CB4D1FB5FC2D00C95D54 /* Build configuration list for PBXProject "StarWarsApp2.0" */;
			compatibilityVersion = "Xcode 8.0";
			developmentRegion = en;
			hasScannedForEncodings = 0;
			knownRegions = (
				en,
				Base,
			);
			mainGroup = 0489CB491FB5FC2D00C95D54;
			productRefGroup = 0489CB531FB5FC2D00C95D54 /* Products */;
			projectDirPath = "";
			projectRoot = "";
			targets = (
				0489CB511FB5FC2D00C95D54 /* StarWarsApp2.0 */,
				0489CB651FB5FC2E00C95D54 /* StarWarsApp2.0Tests */,
				0489CB701FB5FC2E00C95D54 /* StarWarsApp2.0UITests */,
			);
		};
/* End PBXProject section */

/* Begin PBXResourcesBuildPhase section */
		0489CB501FB5FC2D00C95D54 /* Resources */ = {
			isa = PBXResourcesBuildPhase;
			buildActionMask = 2147483647;
			files = (
				0489CB601FB5FC2D00C95D54 /* LaunchScreen.storyboard in Resources */,
				0489CB5D1FB5FC2D00C95D54 /* Assets.xcassets in Resources */,
				0489CB5B1FB5FC2D00C95D54 /* Main.storyboard in Resources */,
			);
			runOnlyForDeploymentPostprocessing = 0;
		};
		0489CB641FB5FC2E00C95D54 /* Resources */ = {
			isa = PBXResourcesBuildPhase;
			buildActionMask = 2147483647;
			files = (
			);
			runOnlyForDeploymentPostprocessing = 0;
		};
		0489CB6F1FB5FC2E00C95D54 /* Resources */ = {
			isa = PBXResourcesBuildPhase;
			buildActionMask = 2147483647;
			files = (
			);
			runOnlyForDeploymentPostprocessing = 0;
		};
/* End PBXResourcesBuildPhase section */

/* Begin PBXSourcesBuildPhase section */
		0489CB4E1FB5FC2D00C95D54 /* Sources */ = {
			isa = PBXSourcesBuildPhase;
			buildActionMask = 2147483647;
			files = (
				04E72C9E1FB6070B001EDE52 /* Vehicle.swift in Sources */,
				0489CB581FB5FC2D00C95D54 /* RootViewController.swift in Sources */,
				04E72C9C1FB60700001EDE52 /* Starship.swift in Sources */,
				04E72C921FB606A8001EDE52 /* Extensions.swift in Sources */,
				04E72C901FB60674001EDE52 /* Networking.swift in Sources */,
				04E72C981FB606DE001EDE52 /* Planet.swift in Sources */,
				04E72CAE1FB8158B001EDE52 /* ObjectListCell.swift in Sources */,
				0489CB561FB5FC2D00C95D54 /* AppDelegate.swift in Sources */,
				04E72CA21FB60C2E001EDE52 /* Enumerations.swift in Sources */,
				04E72C8C1FB6063D001EDE52 /* ObjectListViewController.swift in Sources */,
				04E72CA01FB6071B001EDE52 /* Root.swift in Sources */,
				04E72CAC1FB81578001EDE52 /* RootCell.swift in Sources */,
				04E72CB01FB82892001EDE52 /* GlobalCache.swift in Sources */,
				04E72C8E1FB6064C001EDE52 /* ObjectViewController.swift in Sources */,
				04E72CAA1FB772B1001EDE52 /* SectionHeaderView.swift in Sources */,
				04E72C941FB606C5001EDE52 /* Film.swift in Sources */,
				04E72C9A1FB606F0001EDE52 /* Species.swift in Sources */,
				04E72C961FB606D0001EDE52 /* Character.swift in Sources */,
				04E72CA81FB77290001EDE52 /* CollectionCell.swift in Sources */,
			);
			runOnlyForDeploymentPostprocessing = 0;
		};
		0489CB621FB5FC2E00C95D54 /* Sources */ = {
			isa = PBXSourcesBuildPhase;
			buildActionMask = 2147483647;
			files = (
				0489CB6B1FB5FC2E00C95D54 /* StarWarsApp2_0Tests.swift in Sources */,
			);
			runOnlyForDeploymentPostprocessing = 0;
		};
		0489CB6D1FB5FC2E00C95D54 /* Sources */ = {
			isa = PBXSourcesBuildPhase;
			buildActionMask = 2147483647;
			files = (
				0489CB761FB5FC2E00C95D54 /* StarWarsApp2_0UITests.swift in Sources */,
			);
			runOnlyForDeploymentPostprocessing = 0;
		};
/* End PBXSourcesBuildPhase section */

/* Begin PBXTargetDependency section */
		0489CB681FB5FC2E00C95D54 /* PBXTargetDependency */ = {
			isa = PBXTargetDependency;
			target = 0489CB511FB5FC2D00C95D54 /* StarWarsApp2.0 */;
			targetProxy = 0489CB671FB5FC2E00C95D54 /* PBXContainerItemProxy */;
		};
		0489CB731FB5FC2E00C95D54 /* PBXTargetDependency */ = {
			isa = PBXTargetDependency;
			target = 0489CB511FB5FC2D00C95D54 /* StarWarsApp2.0 */;
			targetProxy = 0489CB721FB5FC2E00C95D54 /* PBXContainerItemProxy */;
		};
/* End PBXTargetDependency section */

/* Begin PBXVariantGroup section */
		0489CB591FB5FC2D00C95D54 /* Main.storyboard */ = {
			isa = PBXVariantGroup;
			children = (
				0489CB5A1FB5FC2D00C95D54 /* Base */,
			);
			name = Main.storyboard;
			sourceTree = "<group>";
		};
		0489CB5E1FB5FC2D00C95D54 /* LaunchScreen.storyboard */ = {
			isa = PBXVariantGroup;
			children = (
				0489CB5F1FB5FC2D00C95D54 /* Base */,
			);
			name = LaunchScreen.storyboard;
			sourceTree = "<group>";
		};
/* End PBXVariantGroup section */

/* Begin XCBuildConfiguration section */
		0489CB781FB5FC2E00C95D54 /* Debug */ = {
			isa = XCBuildConfiguration;
			buildSettings = {
				ALWAYS_SEARCH_USER_PATHS = NO;
				CLANG_ANALYZER_NONNULL = YES;
				CLANG_ANALYZER_NUMBER_OBJECT_CONVERSION = YES_AGGRESSIVE;
				CLANG_CXX_LANGUAGE_STANDARD = "gnu++14";
				CLANG_CXX_LIBRARY = "libc++";
				CLANG_ENABLE_MODULES = YES;
				CLANG_ENABLE_OBJC_ARC = YES;
				CLANG_WARN_BLOCK_CAPTURE_AUTORELEASING = YES;
				CLANG_WARN_BOOL_CONVERSION = YES;
				CLANG_WARN_COMMA = YES;
				CLANG_WARN_CONSTANT_CONVERSION = YES;
				CLANG_WARN_DIRECT_OBJC_ISA_USAGE = YES_ERROR;
				CLANG_WARN_DOCUMENTATION_COMMENTS = YES;
				CLANG_WARN_EMPTY_BODY = YES;
				CLANG_WARN_ENUM_CONVERSION = YES;
				CLANG_WARN_INFINITE_RECURSION = YES;
				CLANG_WARN_INT_CONVERSION = YES;
				CLANG_WARN_NON_LITERAL_NULL_CONVERSION = YES;
				CLANG_WARN_OBJC_LITERAL_CONVERSION = YES;
				CLANG_WARN_OBJC_ROOT_CLASS = YES_ERROR;
				CLANG_WARN_RANGE_LOOP_ANALYSIS = YES;
				CLANG_WARN_STRICT_PROTOTYPES = YES;
				CLANG_WARN_SUSPICIOUS_MOVE = YES;
				CLANG_WARN_UNGUARDED_AVAILABILITY = YES_AGGRESSIVE;
				CLANG_WARN_UNREACHABLE_CODE = YES;
				CLANG_WARN__DUPLICATE_METHOD_MATCH = YES;
				CODE_SIGN_IDENTITY = "iPhone Developer";
				COPY_PHASE_STRIP = NO;
				DEBUG_INFORMATION_FORMAT = dwarf;
				ENABLE_STRICT_OBJC_MSGSEND = YES;
				ENABLE_TESTABILITY = YES;
				GCC_C_LANGUAGE_STANDARD = gnu11;
				GCC_DYNAMIC_NO_PIC = NO;
				GCC_NO_COMMON_BLOCKS = YES;
				GCC_OPTIMIZATION_LEVEL = 0;
				GCC_PREPROCESSOR_DEFINITIONS = (
					"DEBUG=1",
					"$(inherited)",
				);
				GCC_WARN_64_TO_32_BIT_CONVERSION = YES;
				GCC_WARN_ABOUT_RETURN_TYPE = YES_ERROR;
				GCC_WARN_UNDECLARED_SELECTOR = YES;
				GCC_WARN_UNINITIALIZED_AUTOS = YES_AGGRESSIVE;
				GCC_WARN_UNUSED_FUNCTION = YES;
				GCC_WARN_UNUSED_VARIABLE = YES;
				IPHONEOS_DEPLOYMENT_TARGET = 11.1;
				MTL_ENABLE_DEBUG_INFO = YES;
				ONLY_ACTIVE_ARCH = YES;
				SDKROOT = iphoneos;
				SWIFT_ACTIVE_COMPILATION_CONDITIONS = DEBUG;
				SWIFT_OPTIMIZATION_LEVEL = "-Onone";
			};
			name = Debug;
		};
		0489CB791FB5FC2E00C95D54 /* Release */ = {
			isa = XCBuildConfiguration;
			buildSettings = {
				ALWAYS_SEARCH_USER_PATHS = NO;
				CLANG_ANALYZER_NONNULL = YES;
				CLANG_ANALYZER_NUMBER_OBJECT_CONVERSION = YES_AGGRESSIVE;
				CLANG_CXX_LANGUAGE_STANDARD = "gnu++14";
				CLANG_CXX_LIBRARY = "libc++";
				CLANG_ENABLE_MODULES = YES;
				CLANG_ENABLE_OBJC_ARC = YES;
				CLANG_WARN_BLOCK_CAPTURE_AUTORELEASING = YES;
				CLANG_WARN_BOOL_CONVERSION = YES;
				CLANG_WARN_COMMA = YES;
				CLANG_WARN_CONSTANT_CONVERSION = YES;
				CLANG_WARN_DIRECT_OBJC_ISA_USAGE = YES_ERROR;
				CLANG_WARN_DOCUMENTATION_COMMENTS = YES;
				CLANG_WARN_EMPTY_BODY = YES;
				CLANG_WARN_ENUM_CONVERSION = YES;
				CLANG_WARN_INFINITE_RECURSION = YES;
				CLANG_WARN_INT_CONVERSION = YES;
				CLANG_WARN_NON_LITERAL_NULL_CONVERSION = YES;
				CLANG_WARN_OBJC_LITERAL_CONVERSION = YES;
				CLANG_WARN_OBJC_ROOT_CLASS = YES_ERROR;
				CLANG_WARN_RANGE_LOOP_ANALYSIS = YES;
				CLANG_WARN_STRICT_PROTOTYPES = YES;
				CLANG_WARN_SUSPICIOUS_MOVE = YES;
				CLANG_WARN_UNGUARDED_AVAILABILITY = YES_AGGRESSIVE;
				CLANG_WARN_UNREACHABLE_CODE = YES;
				CLANG_WARN__DUPLICATE_METHOD_MATCH = YES;
				CODE_SIGN_IDENTITY = "iPhone Developer";
				COPY_PHASE_STRIP = NO;
				DEBUG_INFORMATION_FORMAT = "dwarf-with-dsym";
				ENABLE_NS_ASSERTIONS = NO;
				ENABLE_STRICT_OBJC_MSGSEND = YES;
				GCC_C_LANGUAGE_STANDARD = gnu11;
				GCC_NO_COMMON_BLOCKS = YES;
				GCC_WARN_64_TO_32_BIT_CONVERSION = YES;
				GCC_WARN_ABOUT_RETURN_TYPE = YES_ERROR;
				GCC_WARN_UNDECLARED_SELECTOR = YES;
				GCC_WARN_UNINITIALIZED_AUTOS = YES_AGGRESSIVE;
				GCC_WARN_UNUSED_FUNCTION = YES;
				GCC_WARN_UNUSED_VARIABLE = YES;
				IPHONEOS_DEPLOYMENT_TARGET = 11.1;
				MTL_ENABLE_DEBUG_INFO = NO;
				SDKROOT = iphoneos;
				SWIFT_OPTIMIZATION_LEVEL = "-Owholemodule";
				VALIDATE_PRODUCT = YES;
			};
			name = Release;
		};
		0489CB7B1FB5FC2E00C95D54 /* Debug */ = {
			isa = XCBuildConfiguration;
			buildSettings = {
				ASSETCATALOG_COMPILER_APPICON_NAME = AppIcon;
				CODE_SIGN_STYLE = Automatic;
				DEVELOPMENT_TEAM = QQEM5N96AC;
				INFOPLIST_FILE = StarWarsApp2.0/Info.plist;
				LD_RUNPATH_SEARCH_PATHS = "$(inherited) @executable_path/Frameworks";
				PRODUCT_BUNDLE_IDENTIFIER = "bl.StarWarsApp2-0";
				PRODUCT_NAME = "$(TARGET_NAME)";
				SWIFT_VERSION = 4.0;
				TARGETED_DEVICE_FAMILY = "1,2";
			};
			name = Debug;
		};
		0489CB7C1FB5FC2E00C95D54 /* Release */ = {
			isa = XCBuildConfiguration;
			buildSettings = {
				ASSETCATALOG_COMPILER_APPICON_NAME = AppIcon;
				CODE_SIGN_STYLE = Automatic;
				DEVELOPMENT_TEAM = QQEM5N96AC;
				INFOPLIST_FILE = StarWarsApp2.0/Info.plist;
				LD_RUNPATH_SEARCH_PATHS = "$(inherited) @executable_path/Frameworks";
				PRODUCT_BUNDLE_IDENTIFIER = "bl.StarWarsApp2-0";
				PRODUCT_NAME = "$(TARGET_NAME)";
				SWIFT_VERSION = 4.0;
				TARGETED_DEVICE_FAMILY = "1,2";
			};
			name = Release;
		};
		0489CB7E1FB5FC2E00C95D54 /* Debug */ = {
			isa = XCBuildConfiguration;
			buildSettings = {
				ALWAYS_EMBED_SWIFT_STANDARD_LIBRARIES = YES;
				BUNDLE_LOADER = "$(TEST_HOST)";
				CODE_SIGN_STYLE = Automatic;
				DEVELOPMENT_TEAM = QQEM5N96AC;
				INFOPLIST_FILE = StarWarsApp2.0Tests/Info.plist;
				LD_RUNPATH_SEARCH_PATHS = "$(inherited) @executable_path/Frameworks @loader_path/Frameworks";
				PRODUCT_BUNDLE_IDENTIFIER = "bl.StarWarsApp2-0Tests";
				PRODUCT_NAME = "$(TARGET_NAME)";
				SWIFT_VERSION = 4.0;
				TARGETED_DEVICE_FAMILY = "1,2";
				TEST_HOST = "$(BUILT_PRODUCTS_DIR)/StarWarsApp2.0.app/StarWarsApp2.0";
			};
			name = Debug;
		};
		0489CB7F1FB5FC2E00C95D54 /* Release */ = {
			isa = XCBuildConfiguration;
			buildSettings = {
				ALWAYS_EMBED_SWIFT_STANDARD_LIBRARIES = YES;
				BUNDLE_LOADER = "$(TEST_HOST)";
				CODE_SIGN_STYLE = Automatic;
				DEVELOPMENT_TEAM = QQEM5N96AC;
				INFOPLIST_FILE = StarWarsApp2.0Tests/Info.plist;
				LD_RUNPATH_SEARCH_PATHS = "$(inherited) @executable_path/Frameworks @loader_path/Frameworks";
				PRODUCT_BUNDLE_IDENTIFIER = "bl.StarWarsApp2-0Tests";
				PRODUCT_NAME = "$(TARGET_NAME)";
				SWIFT_VERSION = 4.0;
				TARGETED_DEVICE_FAMILY = "1,2";
				TEST_HOST = "$(BUILT_PRODUCTS_DIR)/StarWarsApp2.0.app/StarWarsApp2.0";
			};
			name = Release;
		};
		0489CB811FB5FC2E00C95D54 /* Debug */ = {
			isa = XCBuildConfiguration;
			buildSettings = {
				ALWAYS_EMBED_SWIFT_STANDARD_LIBRARIES = YES;
				CODE_SIGN_STYLE = Automatic;
				DEVELOPMENT_TEAM = QQEM5N96AC;
				INFOPLIST_FILE = StarWarsApp2.0UITests/Info.plist;
				LD_RUNPATH_SEARCH_PATHS = "$(inherited) @executable_path/Frameworks @loader_path/Frameworks";
				PRODUCT_BUNDLE_IDENTIFIER = "bl.StarWarsApp2-0UITests";
				PRODUCT_NAME = "$(TARGET_NAME)";
				SWIFT_VERSION = 4.0;
				TARGETED_DEVICE_FAMILY = "1,2";
				TEST_TARGET_NAME = StarWarsApp2.0;
			};
			name = Debug;
		};
		0489CB821FB5FC2E00C95D54 /* Release */ = {
			isa = XCBuildConfiguration;
			buildSettings = {
				ALWAYS_EMBED_SWIFT_STANDARD_LIBRARIES = YES;
				CODE_SIGN_STYLE = Automatic;
				DEVELOPMENT_TEAM = QQEM5N96AC;
				INFOPLIST_FILE = StarWarsApp2.0UITests/Info.plist;
				LD_RUNPATH_SEARCH_PATHS = "$(inherited) @executable_path/Frameworks @loader_path/Frameworks";
				PRODUCT_BUNDLE_IDENTIFIER = "bl.StarWarsApp2-0UITests";
				PRODUCT_NAME = "$(TARGET_NAME)";
				SWIFT_VERSION = 4.0;
				TARGETED_DEVICE_FAMILY = "1,2";
				TEST_TARGET_NAME = StarWarsApp2.0;
			};
			name = Release;
		};
/* End XCBuildConfiguration section */

/* Begin XCConfigurationList section */
		0489CB4D1FB5FC2D00C95D54 /* Build configuration list for PBXProject "StarWarsApp2.0" */ = {
			isa = XCConfigurationList;
			buildConfigurations = (
				0489CB781FB5FC2E00C95D54 /* Debug */,
				0489CB791FB5FC2E00C95D54 /* Release */,
			);
			defaultConfigurationIsVisible = 0;
			defaultConfigurationName = Release;
		};
		0489CB7A1FB5FC2E00C95D54 /* Build configuration list for PBXNativeTarget "StarWarsApp2.0" */ = {
			isa = XCConfigurationList;
			buildConfigurations = (
				0489CB7B1FB5FC2E00C95D54 /* Debug */,
				0489CB7C1FB5FC2E00C95D54 /* Release */,
			);
			defaultConfigurationIsVisible = 0;
			defaultConfigurationName = Release;
		};
		0489CB7D1FB5FC2E00C95D54 /* Build configuration list for PBXNativeTarget "StarWarsApp2.0Tests" */ = {
			isa = XCConfigurationList;
			buildConfigurations = (
				0489CB7E1FB5FC2E00C95D54 /* Debug */,
				0489CB7F1FB5FC2E00C95D54 /* Release */,
			);
			defaultConfigurationIsVisible = 0;
			defaultConfigurationName = Release;
		};
		0489CB801FB5FC2E00C95D54 /* Build configuration list for PBXNativeTarget "StarWarsApp2.0UITests" */ = {
			isa = XCConfigurationList;
			buildConfigurations = (
				0489CB811FB5FC2E00C95D54 /* Debug */,
				0489CB821FB5FC2E00C95D54 /* Release */,
			);
			defaultConfigurationIsVisible = 0;
			defaultConfigurationName = Release;
		};
/* End XCConfigurationList section */
	};
	rootObject = 0489CB4A1FB5FC2D00C95D54 /* Project object */;
}
